
Microsoft Visual Studio Solution File, Format Version 11.00
# Visual Studio 2010
Project("{FAE04EC0-301F-11D3-BF4B-00C04F79EFBC}") = "TimeManager.Core", "TimeManager.Core\TimeManager.Core.csproj", "{3C8A7995-1215-453F-83C2-3F77785A9061}"
EndProject
Project("{FAE04EC0-301F-11D3-BF4B-00C04F79EFBC}") = "TimeManager.Core.Tests", "TimeManager.Core.Tests\TimeManager.Core.Tests.csproj", "{921911AD-17D5-48A9-9F24-D5E5855A8CB8}"
EndProject
Project("{FAE04EC0-301F-11D3-BF4B-00C04F79EFBC}") = "TimeManager.SmartClient", "TimeManager.SmartClient\TimeManager.SmartClient.csproj", "{1295AF0A-E00E-4AD9-8ED9-62459193E7E2}"
EndProject
Project("{FAE04EC0-301F-11D3-BF4B-00C04F79EFBC}") = "TimeManager.SmartClient.Tests", "TimeManager.SmartClient.Tests\TimeManager.SmartClient.Tests.csproj", "{62FF5E47-D1B9-4D25-9CDF-E48834EB1B5A}"
EndProject
Project("{FAE04EC0-301F-11D3-BF4B-00C04F79EFBC}") = "TimeManager.Services.ConsoleHost", "TimeManager.Services.ConsoleHost\TimeManager.Services.ConsoleHost.csproj", "{8CC22D5B-93A9-424E-8509-F992796FB090}"
EndProject
Project("{FAE04EC0-301F-11D3-BF4B-00C04F79EFBC}") = "TimeManager.Core.Resources", "TimeManager.Core.Resources\TimeManager.Core.Resources.csproj", "{52CA6BB5-ADA9-44B3-A40B-41791C75B12D}"
EndProject
Global
	GlobalSection(MercurialSourceControlSolutionProperties) = preSolution
		SolutionIsControlled = True
		SolutionBindings = <Solution Location In Database>
	EndGlobalSection
	GlobalSection(SolutionConfigurationPlatforms) = preSolution
		Debug|Any CPU = Debug|Any CPU
		Debug|Mixed Platforms = Debug|Mixed Platforms
		Debug|x86 = Debug|x86
		Release|Any CPU = Release|Any CPU
		Release|Mixed Platforms = Release|Mixed Platforms
		Release|x86 = Release|x86
	EndGlobalSection
	GlobalSection(ProjectConfigurationPlatforms) = postSolution
		{3C8A7995-1215-453F-83C2-3F77785A9061}.Debug|Any CPU.ActiveCfg = Debug|Any CPU
		{3C8A7995-1215-453F-83C2-3F77785A9061}.Debug|Any CPU.Build.0 = Debug|Any CPU
		{3C8A7995-1215-453F-83C2-3F77785A9061}.Debug|Mixed Platforms.ActiveCfg = Debug|Any CPU
		{3C8A7995-1215-453F-83C2-3F77785A9061}.Debug|Mixed Platforms.Build.0 = Debug|Any CPU
		{3C8A7995-1215-453F-83C2-3F77785A9061}.Debug|x86.ActiveCfg = Debug|Any CPU
		{3C8A7995-1215-453F-83C2-3F77785A9061}.Release|Any CPU.ActiveCfg = Release|Any CPU
		{3C8A7995-1215-453F-83C2-3F77785A9061}.Release|Any CPU.Build.0 = Release|Any CPU
		{3C8A7995-1215-453F-83C2-3F77785A9061}.Release|Mixed Platforms.ActiveCfg = Release|Any CPU
		{3C8A7995-1215-453F-83C2-3F77785A9061}.Release|Mixed Platforms.Build.0 = Release|Any CPU
		{3C8A7995-1215-453F-83C2-3F77785A9061}.Release|x86.ActiveCfg = Release|Any CPU
		{921911AD-17D5-48A9-9F24-D5E5855A8CB8}.Debug|Any CPU.ActiveCfg = Debug|Any CPU
		{921911AD-17D5-48A9-9F24-D5E5855A8CB8}.Debug|Any CPU.Build.0 = Debug|Any CPU
		{921911AD-17D5-48A9-9F24-D5E5855A8CB8}.Debug|Mixed Platforms.ActiveCfg = Debug|Any CPU
		{921911AD-17D5-48A9-9F24-D5E5855A8CB8}.Debug|Mixed Platforms.Build.0 = Debug|Any CPU
		{921911AD-17D5-48A9-9F24-D5E5855A8CB8}.Debug|x86.ActiveCfg = Debug|Any CPU
		{921911AD-17D5-48A9-9F24-D5E5855A8CB8}.Release|Any CPU.ActiveCfg = Release|Any CPU
		{921911AD-17D5-48A9-9F24-D5E5855A8CB8}.Release|Any CPU.Build.0 = Release|Any CPU
		{921911AD-17D5-48A9-9F24-D5E5855A8CB8}.Release|Mixed Platforms.ActiveCfg = Release|Any CPU
		{921911AD-17D5-48A9-9F24-D5E5855A8CB8}.Release|Mixed Platforms.Build.0 = Release|Any CPU
		{921911AD-17D5-48A9-9F24-D5E5855A8CB8}.Release|x86.ActiveCfg = Release|Any CPU
		{1295AF0A-E00E-4AD9-8ED9-62459193E7E2}.Debug|Any CPU.ActiveCfg = Debug|x86
		{1295AF0A-E00E-4AD9-8ED9-62459193E7E2}.Debug|Mixed Platforms.ActiveCfg = Debug|x86
		{1295AF0A-E00E-4AD9-8ED9-62459193E7E2}.Debug|Mixed Platforms.Build.0 = Debug|x86
		{1295AF0A-E00E-4AD9-8ED9-62459193E7E2}.Debug|x86.ActiveCfg = Debug|x86
		{1295AF0A-E00E-4AD9-8ED9-62459193E7E2}.Debug|x86.Build.0 = Debug|x86
		{1295AF0A-E00E-4AD9-8ED9-62459193E7E2}.Release|Any CPU.ActiveCfg = Release|x86
		{1295AF0A-E00E-4AD9-8ED9-62459193E7E2}.Release|Mixed Platforms.ActiveCfg = Release|x86
		{1295AF0A-E00E-4AD9-8ED9-62459193E7E2}.Release|Mixed Platforms.Build.0 = Release|x86
		{1295AF0A-E00E-4AD9-8ED9-62459193E7E2}.Release|x86.ActiveCfg = Release|x86
		{1295AF0A-E00E-4AD9-8ED9-62459193E7E2}.Release|x86.Build.0 = Release|x86
		{62FF5E47-D1B9-4D25-9CDF-E48834EB1B5A}.Debug|Any CPU.ActiveCfg = Debug|Any CPU
		{62FF5E47-D1B9-4D25-9CDF-E48834EB1B5A}.Debug|Any CPU.Build.0 = Debug|Any CPU
		{62FF5E47-D1B9-4D25-9CDF-E48834EB1B5A}.Debug|Mixed Platforms.ActiveCfg = Debug|Any CPU
		{62FF5E47-D1B9-4D25-9CDF-E48834EB1B5A}.Debug|Mixed Platforms.Build.0 = Debug|Any CPU
		{62FF5E47-D1B9-4D25-9CDF-E48834EB1B5A}.Debug|x86.ActiveCfg = Debug|Any CPU
		{62FF5E47-D1B9-4D25-9CDF-E48834EB1B5A}.Release|Any CPU.ActiveCfg = Release|Any CPU
		{62FF5E47-D1B9-4D25-9CDF-E48834EB1B5A}.Release|Any CPU.Build.0 = Release|Any CPU
		{62FF5E47-D1B9-4D25-9CDF-E48834EB1B5A}.Release|Mixed Platforms.ActiveCfg = Release|Any CPU
		{62FF5E47-D1B9-4D25-9CDF-E48834EB1B5A}.Release|Mixed Platforms.Build.0 = Release|Any CPU
		{62FF5E47-D1B9-4D25-9CDF-E48834EB1B5A}.Release|x86.ActiveCfg = Release|Any CPU
		{8CC22D5B-93A9-424E-8509-F992796FB090}.Debug|Any CPU.ActiveCfg = Debug|x86
		{8CC22D5B-93A9-424E-8509-F992796FB090}.Debug|Mixed Platforms.ActiveCfg = Debug|x86
		{8CC22D5B-93A9-424E-8509-F992796FB090}.Debug|Mixed Platforms.Build.0 = Debug|x86
		{8CC22D5B-93A9-424E-8509-F992796FB090}.Debug|x86.ActiveCfg = Debug|x86
		{8CC22D5B-93A9-424E-8509-F992796FB090}.Debug|x86.Build.0 = Debug|x86
		{8CC22D5B-93A9-424E-8509-F992796FB090}.Release|Any CPU.ActiveCfg = Release|x86
		{8CC22D5B-93A9-424E-8509-F992796FB090}.Release|Mixed Platforms.ActiveCfg = Release|x86
		{8CC22D5B-93A9-424E-8509-F992796FB090}.Release|Mixed Platforms.Build.0 = Release|x86
		{8CC22D5B-93A9-424E-8509-F992796FB090}.Release|x86.ActiveCfg = Release|x86
		{8CC22D5B-93A9-424E-8509-F992796FB090}.Release|x86.Build.0 = Release|x86
		{52CA6BB5-ADA9-44B3-A40B-41791C75B12D}.Debug|Any CPU.ActiveCfg = Debug|Any CPU
		{52CA6BB5-ADA9-44B3-A40B-41791C75B12D}.Debug|Any CPU.Build.0 = Debug|Any CPU
		{52CA6BB5-ADA9-44B3-A40B-41791C75B12D}.Debug|Mixed Platforms.ActiveCfg = Debug|Any CPU
		{52CA6BB5-ADA9-44B3-A40B-41791C75B12D}.Debug|Mixed Platforms.Build.0 = Debug|Any CPU
		{52CA6BB5-ADA9-44B3-A40B-41791C75B12D}.Debug|x86.ActiveCfg = Debug|Any CPU
		{52CA6BB5-ADA9-44B3-A40B-41791C75B12D}.Release|Any CPU.ActiveCfg = Release|Any CPU
		{52CA6BB5-ADA9-44B3-A40B-41791C75B12D}.Release|Any CPU.Build.0 = Release|Any CPU
		{52CA6BB5-ADA9-44B3-A40B-41791C75B12D}.Release|Mixed Platforms.ActiveCfg = Release|Any CPU
		{52CA6BB5-ADA9-44B3-A40B-41791C75B12D}.Release|Mixed Platforms.Build.0 = Release|Any CPU
		{52CA6BB5-ADA9-44B3-A40B-41791C75B12D}.Release|x86.ActiveCfg = Release|Any CPU
	EndGlobalSection
	GlobalSection(SolutionProperties) = preSolution
		HideSolutionNode = FALSE
	EndGlobalSection
EndGlobal
